
Microsoft Visual Studio Solution File, Format Version 12.00
# Visual Studio Version 17
VisualStudioVersion = 17.13.36105.23 d17.13
MinimumVisualStudioVersion = 10.0.40219.1
Project("{FAE04EC0-301F-11D3-BF4B-00C04F79EFBC}") = "WebQuizApp", "WebQuizApp.csproj", "{A8C78269-8679-49F2-ABF7-178353F6F71E}"
EndProject
Global
	GlobalSection(SolutionConfigurationPlatforms) = preSolution
		Debug|Any CPU = Debug|Any CPU
		Release|Any CPU = Release|Any CPU
	EndGlobalSection
	GlobalSection(ProjectConfigurationPlatforms) = postSolution
		{A8C78269-8679-49F2-ABF7-178353F6F71E}.Debug|Any CPU.ActiveCfg = Debug|Any CPU
		{A8C78269-8679-49F2-ABF7-178353F6F71E}.Debug|Any CPU.Build.0 = Debug|Any CPU
		{A8C78269-8679-49F2-ABF7-178353F6F71E}.Release|Any CPU.ActiveCfg = Release|Any CPU
		{A8C78269-8679-49F2-ABF7-178353F6F71E}.Release|Any CPU.Build.0 = Release|Any CPU
	EndGlobalSection
	GlobalSection(SolutionProperties) = preSolution
		HideSolutionNode = FALSE
	EndGlobalSection
	GlobalSection(ExtensibilityGlobals) = postSolution
		SolutionGuid = {14E6AD08-556B-412A-8229-DD3DA1C22B55}
	EndGlobalSection
EndGlobal
